
Microsoft Visual Studio Solution File, Format Version 12.00
# Visual Studio Version 16
VisualStudioVersion = 16.0.30717.126
MinimumVisualStudioVersion = 10.0.40219.1
Project("{9A19103F-16F7-4668-BE54-9A1E7A4F7556}") = "TheDevelopersConference.Tests", "TheDevelopersConference.Tests\TheDevelopersConference.Tests.csproj", "{FBEB6DC7-9D65-4346-9802-7E718E44E31E}"
EndProject
Project("{9A19103F-16F7-4668-BE54-9A1E7A4F7556}") = "TheDevelopersConference.Demonstracao", "TheDevelopersConference.Demonstracao\TheDevelopersConference.Demonstracao.csproj", "{9A90A7C1-1A7D-4B3A-8708-6D1B6FF20C1A}"
EndProject
Global
	GlobalSection(SolutionConfigurationPlatforms) = preSolution
		Debug|Any CPU = Debug|Any CPU
		Release|Any CPU = Release|Any CPU
	EndGlobalSection
	GlobalSection(ProjectConfigurationPlatforms) = postSolution
		{FBEB6DC7-9D65-4346-9802-7E718E44E31E}.Debug|Any CPU.ActiveCfg = Debug|Any CPU
		{FBEB6DC7-9D65-4346-9802-7E718E44E31E}.Debug|Any CPU.Build.0 = Debug|Any CPU
		{FBEB6DC7-9D65-4346-9802-7E718E44E31E}.Release|Any CPU.ActiveCfg = Release|Any CPU
		{FBEB6DC7-9D65-4346-9802-7E718E44E31E}.Release|Any CPU.Build.0 = Release|Any CPU
		{9A90A7C1-1A7D-4B3A-8708-6D1B6FF20C1A}.Debug|Any CPU.ActiveCfg = Debug|Any CPU
		{9A90A7C1-1A7D-4B3A-8708-6D1B6FF20C1A}.Debug|Any CPU.Build.0 = Debug|Any CPU
		{9A90A7C1-1A7D-4B3A-8708-6D1B6FF20C1A}.Release|Any CPU.ActiveCfg = Release|Any CPU
		{9A90A7C1-1A7D-4B3A-8708-6D1B6FF20C1A}.Release|Any CPU.Build.0 = Release|Any CPU
	EndGlobalSection
	GlobalSection(SolutionProperties) = preSolution
		HideSolutionNode = FALSE
	EndGlobalSection
	GlobalSection(ExtensibilityGlobals) = postSolution
		SolutionGuid = {C680E69F-F5F7-4E3C-9573-DF7E56A64F01}
	EndGlobalSection
EndGlobal
